// !$*UTF8*$!
{
	archiveVersion = 1;
	classes = {
	};
	objectVersion = 46;
	objects = {

/* Begin PBXBuildFile section */
		8ACEC5961D5A751900B544F7 /* main.c in Sources */ = {isa = PBXBuildFile; fileRef = 8ACEC5951D5A751900B544F7 /* main.c */; };
/* End PBXBuildFile section */

/* Begin PBXCopyFilesBuildPhase section */
		8ACEC5901D5A751900B544F7 /* CopyFiles */ = {
			isa = PBXCopyFilesBuildPhase;
			buildActionMask = 2147483647;
			dstPath = /usr/share/man/man1/;
			dstSubfolderSpec = 0;
			files = (
			);
			runOnlyForDeploymentPostprocessing = 1;
		};
/* End PBXCopyFilesBuildPhase section */

/* Begin PBXFileReference section */
		8ACEC5921D5A751900B544F7 /* CacheSim */ = {isa = PBXFileReference; explicitFileType = "compiled.mach-o.executable"; includeInIndex = 0; path = CacheSim; sourceTree = BUILT_PRODUCTS_DIR; };
		8ACEC5951D5A751900B544F7 /* main.c */ = {isa = PBXFileReference; lastKnownFileType = sourcecode.c.c; path = main.c; sourceTree = "<group>"; };
		8ACEC59C1D5A753500B544F7 /* mytrace2.txt */ = {isa = PBXFileReference; lastKnownFileType = text; path = mytrace2.txt; sourceTree = "<group>"; };
		8ACEC59D1D5A753500B544F7 /* proj3.pdf */ = {isa = PBXFileReference; lastKnownFileType = image.pdf; path = proj3.pdf; sourceTree = "<group>"; };
		8ACEC59E1D5A753500B544F7 /* trace1.txt */ = {isa = PBXFileReference; lastKnownFileType = text; path = trace1.txt; sourceTree = "<group>"; };
		8ACEC59F1D5A753500B544F7 /* trace2.txt */ = {isa = PBXFileReference; lastKnownFileType = text; path = trace2.txt; sourceTree = "<group>"; };
/* End PBXFileReference section */

/* Begin PBXFrameworksBuildPhase section */
		8ACEC58F1D5A751900B544F7 /* Frameworks */ = {
			isa = PBXFrameworksBuildPhase;
			buildActionMask = 2147483647;
			files = (
			);
			runOnlyForDeploymentPostprocessing = 0;
		};
/* End PBXFrameworksBuildPhase section */

/* Begin PBXGroup section */
		8ACEC5891D5A751900B544F7 = {
			isa = PBXGroup;
			children = (
				8ACEC5941D5A751900B544F7 /* CacheSim */,
				8ACEC5931D5A751900B544F7 /* Products */,
			);
			sourceTree = "<group>";
		};
		8ACEC5931D5A751900B544F7 /* Products */ = {
			isa = PBXGroup;
			children = (
				8ACEC5921D5A751900B544F7 /* CacheSim */,
			);
			name = Products;
			sourceTree = "<group>";
		};
		8ACEC5941D5A751900B544F7 /* CacheSim */ = {
			isa = PBXGroup;
			children = (
				8ACEC5951D5A751900B544F7 /* main.c */,
				8ACEC59C1D5A753500B544F7 /* mytrace2.txt */,
				8ACEC59D1D5A753500B544F7 /* proj3.pdf */,
				8ACEC59E1D5A753500B544F7 /* trace1.txt */,
				8ACEC59F1D5A753500B544F7 /* trace2.txt */,
			);
			path = CacheSim;
			sourceTree = "<group>";
		};
/* End PBXGroup section */

/* Begin PBXNativeTarget section */
		8ACEC5911D5A751900B544F7 /* CacheSim */ = {
			isa = PBXNativeTarget;
			buildConfigurationList = 8ACEC5991D5A751900B544F7 /* Build configuration list for PBXNativeTarget "CacheSim" */;
			buildPhases = (
				8ACEC58E1D5A751900B544F7 /* Sources */,
				8ACEC58F1D5A751900B544F7 /* Frameworks */,
				8ACEC5901D5A751900B544F7 /* CopyFiles */,
			);
			buildRules = (
			);
			dependencies = (
			);
			name = CacheSim;
			productName = CacheSim;
			productReference = 8ACEC5921D5A751900B544F7 /* CacheSim */;
			productType = "com.apple.product-type.tool";
		};
/* End PBXNativeTarget section */

/* Begin PBXProject section */
		8ACEC58A1D5A751900B544F7 /* Project object */ = {
			isa = PBXProject;
			attributes = {
				LastUpgradeCheck = 0800;
				ORGANIZATIONNAME = "Avijeet Sachdev";
				TargetAttributes = {
					8ACEC5911D5A751900B544F7 = {
						CreatedOnToolsVersion = 8.0;
						DevelopmentTeam = PM5X37M9NZ;
						ProvisioningStyle = Automatic;
					};
				};
			};
			buildConfigurationList = 8ACEC58D1D5A751900B544F7 /* Build configuration list for PBXProject "CacheSim" */;
			compatibilityVersion = "Xcode 3.2";
			developmentRegion = English;
			hasScannedForEncodings = 0;
			knownRegions = (
				en,
			);
			mainGroup = 8ACEC5891D5A751900B544F7;
			productRefGroup = 8ACEC5931D5A751900B544F7 /* Products */;
			projectDirPath = "";
			projectRoot = "";
			targets = (
				8ACEC5911D5A751900B544F7 /* CacheSim */,
			);
		};
/* End PBXProject section */

/* Begin PBXSourcesBuildPhase section */
		8ACEC58E1D5A751900B544F7 /* Sources */ = {
			isa = PBXSourcesBuildPhase;
			buildActionMask = 2147483647;
			files = (
				8ACEC5961D5A751900B544F7 /* main.c in Sources */,
			);
			runOnlyForDeploymentPostprocessing = 0;
		};
/* End PBXSourcesBuildPhase section */

/* Begin XCBuildConfiguration section */
		8ACEC5971D5A751900B544F7 /* Debug */ = {
			isa = XCBuildConfiguration;
			buildSettings = {
				ALWAYS_SEARCH_USER_PATHS = NO;
				CLANG_ANALYZER_NONNULL = YES;
				CLANG_CXX_LANGUAGE_STANDARD = "gnu++0x";
				CLANG_CXX_LIBRARY = "libc++";
				CLANG_ENABLE_MODULES = YES;
				CLANG_ENABLE_OBJC_ARC = YES;
				CLANG_WARN_BOOL_CONVERSION = YES;
				CLANG_WARN_CONSTANT_CONVERSION = YES;
				CLANG_WARN_DIRECT_OBJC_ISA_USAGE = YES_ERROR;
				CLANG_WARN_DOCUMENTATION_COMMENTS = YES;
				CLANG_WARN_EMPTY_BODY = YES;
				CLANG_WARN_ENUM_CONVERSION = YES;
				CLANG_WARN_INFINITE_RECURSION = YES;
				CLANG_WARN_INT_CONVERSION = YES;
				CLANG_WARN_OBJC_ROOT_CLASS = YES_ERROR;
				CLANG_WARN_SUSPICIOUS_MOVES = YES;
				CLANG_WARN_UNREACHABLE_CODE = YES;
				CLANG_WARN__DUPLICATE_METHOD_MATCH = YES;
				CODE_SIGN_IDENTITY = "-";
				COPY_PHASE_STRIP = NO;
				DEBUG_INFORMATION_FORMAT = dwarf;
				ENABLE_STRICT_OBJC_MSGSEND = YES;
				ENABLE_TESTABILITY = YES;
				GCC_C_LANGUAGE_STANDARD = gnu99;
				GCC_DYNAMIC_NO_PIC = NO;
				GCC_NO_COMMON_BLOCKS = YES;
				GCC_OPTIMIZATION_LEVEL = 0;
				GCC_PREPROCESSOR_DEFINITIONS = (
					"DEBUG=1",
					"$(inherited)",
				);
				GCC_WARN_64_TO_32_BIT_CONVERSION = YES;
				GCC_WARN_ABOUT_RETURN_TYPE = YES_ERROR;
				GCC_WARN_UNDECLARED_SELECTOR = YES;
				GCC_WARN_UNINITIALIZED_AUTOS = YES_AGGRESSIVE;
				GCC_WARN_UNUSED_FUNCTION = YES;
				GCC_WARN_UNUSED_VARIABLE = YES;
				MACOSX_DEPLOYMENT_TARGET = 10.11;
				MTL_ENABLE_DEBUG_INFO = YES;
				ONLY_ACTIVE_ARCH = YES;
				SDKROOT = macosx;
			};
			name = Debug;
		};
		8ACEC5981D5A751900B544F7 /* Release */ = {
			isa = XCBuildConfiguration;
			buildSettings = {
				ALWAYS_SEARCH_USER_PATHS = NO;
				CLANG_ANALYZER_NONNULL = YES;
				CLANG_CXX_LANGUAGE_STANDARD = "gnu++0x";
				CLANG_CXX_LIBRARY = "libc++";
				CLANG_ENABLE_MODULES = YES;
				CLANG_ENABLE_OBJC_ARC = YES;
				CLANG_WARN_BOOL_CONVERSION = YES;
				CLANG_WARN_CONSTANT_CONVERSION = YES;
				CLANG_WARN_DIRECT_OBJC_ISA_USAGE = YES_ERROR;
				CLANG_WARN_DOCUMENTATION_COMMENTS = YES;
				CLANG_WARN_EMPTY_BODY = YES;
				CLANG_WARN_ENUM_CONVERSION = YES;
				CLANG_WARN_INFINITE_RECURSION = YES;
				CLANG_WARN_INT_CONVERSION = YES;
				CLANG_WARN_OBJC_ROOT_CLASS = YES_ERROR;
				CLANG_WARN_SUSPICIOUS_MOVES = YES;
				CLANG_WARN_UNREACHABLE_CODE = YES;
				CLANG_WARN__DUPLICATE_METHOD_MATCH = YES;
				CODE_SIGN_IDENTITY = "-";
				COPY_PHASE_STRIP = NO;
				DEBUG_INFORMATION_FORMAT = "dwarf-with-dsym";
				ENABLE_NS_ASSERTIONS = NO;
				ENABLE_STRICT_OBJC_MSGSEND = YES;
				GCC_C_LANGUAGE_STANDARD = gnu99;
				GCC_NO_COMMON_BLOCKS = YES;
				GCC_WARN_64_TO_32_BIT_CONVERSION = YES;
				GCC_WARN_ABOUT_RETURN_TYPE = YES_ERROR;
				GCC_WARN_UNDECLARED_SELECTOR = YES;
				GCC_WARN_UNINITIALIZED_AUTOS = YES_AGGRESSIVE;
				GCC_WARN_UNUSED_FUNCTION = YES;
				GCC_WARN_UNUSED_VARIABLE = YES;
				MACOSX_DEPLOYMENT_TARGET = 10.11;
				MTL_ENABLE_DEBUG_INFO = NO;
				SDKROOT = macosx;
			};
			name = Release;
		};
		8ACEC59A1D5A751900B544F7 /* Debug */ = {
			isa = XCBuildConfiguration;
			buildSettings = {
				DEVELOPMENT_TEAM = PM5X37M9NZ;
				PRODUCT_NAME = "$(TARGET_NAME)";
			};
			name = Debug;
		};
		8ACEC59B1D5A751900B544F7 /* Release */ = {
			isa = XCBuildConfiguration;
			buildSettings = {
				DEVELOPMENT_TEAM = PM5X37M9NZ;
				PRODUCT_NAME = "$(TARGET_NAME)";
			};
			name = Release;
		};
/* End XCBuildConfiguration section */

/* Begin XCConfigurationList section */
		8ACEC58D1D5A751900B544F7 /* Build configuration list for PBXProject "CacheSim" */ = {
			isa = XCConfigurationList;
			buildConfigurations = (
				8ACEC5971D5A751900B544F7 /* Debug */,
				8ACEC5981D5A751900B544F7 /* Release */,
			);
			defaultConfigurationIsVisible = 0;
			defaultConfigurationName = Release;
		};
		8ACEC5991D5A751900B544F7 /* Build configuration list for PBXNativeTarget "CacheSim" */ = {
			isa = XCConfigurationList;
			buildConfigurations = (
				8ACEC59A1D5A751900B544F7 /* Debug */,
				8ACEC59B1D5A751900B544F7 /* Release */,
			);
			defaultConfigurationIsVisible = 0;
		};
/* End XCConfigurationList section */
	};
	rootObject = 8ACEC58A1D5A751900B544F7 /* Project object */;
}
